
Microsoft Visual Studio Solution File, Format Version 12.00
# Visual Studio Express 2013 for Web
VisualStudioVersion = 12.0.20623.1 VSUPREVIEW
MinimumVisualStudioVersion = 10.0.40219.1
Project("{2150E333-8FDC-42A3-9474-1A3956D46DE8}") = ".nuget", ".nuget", "{09FC5031-A79F-4B80-8B3E-2ED7BA671AE9}"
	ProjectSection(SolutionItems) = preProject
		.nuget\NuGet.Config = .nuget\NuGet.Config
		.nuget\NuGet.exe = .nuget\NuGet.exe
		.nuget\NuGet.targets = .nuget\NuGet.targets
	EndProjectSection
EndProject
Project("{FAE04EC0-301F-11D3-BF4B-00C04F79EFBC}") = "Patch-Runner", "Patch-Runner\Patch-Runner.csproj", "{EADE1464-62A4-4DAB-AA1A-0A37F773C7F1}"
EndProject
Project("{FAE04EC0-301F-11D3-BF4B-00C04F79EFBC}") = "Nancy.Helper", "..\Nancy.Helper\Nancy.Helper\Nancy.Helper.csproj", "{1561B149-5DCE-417A-BD61-3C6E37645468}"
EndProject
Project("{FAE04EC0-301F-11D3-BF4B-00C04F79EFBC}") = "ThumbsUp.Helper", "..\ThumbsUp\ThumbsUp.Helper\ThumbsUp.Helper.csproj", "{A99FB1C2-2DD3-4E74-8180-F04DAADEBC77}"
EndProject
Project("{FAE04EC0-301F-11D3-BF4B-00C04F79EFBC}") = "ThumbsUp.Service", "..\ThumbsUp\ThumbsUp.Service\ThumbsUp.Service.csproj", "{49F56A22-5DE0-4FD6-90D3-5C0474936951}"
EndProject
Global
	GlobalSection(SolutionConfigurationPlatforms) = preSolution
		Debug|Any CPU = Debug|Any CPU
		Release|Any CPU = Release|Any CPU
	EndGlobalSection
	GlobalSection(ProjectConfigurationPlatforms) = postSolution
		{EADE1464-62A4-4DAB-AA1A-0A37F773C7F1}.Debug|Any CPU.ActiveCfg = Debug|Any CPU
		{EADE1464-62A4-4DAB-AA1A-0A37F773C7F1}.Debug|Any CPU.Build.0 = Debug|Any CPU
		{EADE1464-62A4-4DAB-AA1A-0A37F773C7F1}.Release|Any CPU.ActiveCfg = Release|Any CPU
		{EADE1464-62A4-4DAB-AA1A-0A37F773C7F1}.Release|Any CPU.Build.0 = Release|Any CPU
		{1561B149-5DCE-417A-BD61-3C6E37645468}.Debug|Any CPU.ActiveCfg = Debug|Any CPU
		{1561B149-5DCE-417A-BD61-3C6E37645468}.Debug|Any CPU.Build.0 = Debug|Any CPU
		{1561B149-5DCE-417A-BD61-3C6E37645468}.Release|Any CPU.ActiveCfg = Release|Any CPU
		{1561B149-5DCE-417A-BD61-3C6E37645468}.Release|Any CPU.Build.0 = Release|Any CPU
		{A99FB1C2-2DD3-4E74-8180-F04DAADEBC77}.Debug|Any CPU.ActiveCfg = Debug|Any CPU
		{A99FB1C2-2DD3-4E74-8180-F04DAADEBC77}.Debug|Any CPU.Build.0 = Debug|Any CPU
		{A99FB1C2-2DD3-4E74-8180-F04DAADEBC77}.Release|Any CPU.ActiveCfg = Release|Any CPU
		{A99FB1C2-2DD3-4E74-8180-F04DAADEBC77}.Release|Any CPU.Build.0 = Release|Any CPU
		{49F56A22-5DE0-4FD6-90D3-5C0474936951}.Debug|Any CPU.ActiveCfg = Debug|Any CPU
		{49F56A22-5DE0-4FD6-90D3-5C0474936951}.Debug|Any CPU.Build.0 = Debug|Any CPU
		{49F56A22-5DE0-4FD6-90D3-5C0474936951}.Release|Any CPU.ActiveCfg = Release|Any CPU
		{49F56A22-5DE0-4FD6-90D3-5C0474936951}.Release|Any CPU.Build.0 = Release|Any CPU
	EndGlobalSection
	GlobalSection(SolutionProperties) = preSolution
		HideSolutionNode = FALSE
	EndGlobalSection
EndGlobal
